{
  "version": 4,
  "terraform_version": "0.12.16",
  "serial": 180,
  "lineage": "6012fe50-2845-96b0-b0b2-e98428378250",
  "outputs": {
    "alb-dns": {
      "value": "tptest-alb-public-685175440.us-west-2.elb.amazonaws.com",
      "type": "string"
    }
  },
  "resources": [
    {
      "module": "module.tp-devops-test",
      "mode": "data",
      "type": "aws_iam_role",
      "name": "ecstaskExecRole",
      "provider": "module.tp-devops-test.provider.aws",
      "instances": [
        {
          "schema_version": 0,
          "attributes": {
            "arn": "arn:aws:iam::303981612052:role/ecsTaskExecutionRole",
            "assume_role_policy": "{\"Version\":\"2012-10-17\",\"Statement\":[{\"Sid\":\"\",\"Effect\":\"Allow\",\"Principal\":{\"Service\":\"ecs-tasks.amazonaws.com\"},\"Action\":\"sts:AssumeRole\"}]}",
            "assume_role_policy_document": null,
            "create_date": "2019-11-20T08:56:22Z",
            "description": "Allows ECS tasks to call AWS services on your behalf.",
            "id": "ecsTaskExecutionRole",
            "max_session_duration": 3600,
            "name": "ecsTaskExecutionRole",
            "path": "/",
            "permissions_boundary": "",
            "role_id": null,
            "role_name": null,
            "unique_id": "AROAUNRVXJQKH66JV6V4F"
          }
        }
      ]
    },
    {
      "module": "module.tp-devops-test",
      "mode": "data",
      "type": "aws_subnet",
      "name": "subnet-az-a",
      "provider": "module.tp-devops-test.provider.aws",
      "instances": [
        {
          "schema_version": 0,
          "attributes": {
            "arn": "arn:aws:ec2:us-west-2:303981612052:subnet/subnet-6e151625",
            "assign_ipv6_address_on_creation": false,
            "availability_zone": "us-west-2a",
            "availability_zone_id": "usw2-az2",
            "cidr_block": "172.31.48.0/20",
            "default_for_az": true,
            "filter": null,
            "id": "subnet-6e151625",
            "ipv6_cidr_block": null,
            "ipv6_cidr_block_association_id": null,
            "map_public_ip_on_launch": true,
            "owner_id": "303981612052",
            "state": "available",
            "tags": {},
            "vpc_id": "vpc-7932a701"
          }
        }
      ]
    },
    {
      "module": "module.tp-devops-test",
      "mode": "data",
      "type": "aws_subnet",
      "name": "subnet-az-b",
      "provider": "module.tp-devops-test.provider.aws",
      "instances": [
        {
          "schema_version": 0,
          "attributes": {
            "arn": "arn:aws:ec2:us-west-2:303981612052:subnet/subnet-6331d71b",
            "assign_ipv6_address_on_creation": false,
            "availability_zone": "us-west-2b",
            "availability_zone_id": "usw2-az1",
            "cidr_block": "172.31.16.0/20",
            "default_for_az": true,
            "filter": null,
            "id": "subnet-6331d71b",
            "ipv6_cidr_block": null,
            "ipv6_cidr_block_association_id": null,
            "map_public_ip_on_launch": true,
            "owner_id": "303981612052",
            "state": "available",
            "tags": {},
            "vpc_id": "vpc-7932a701"
          }
        }
      ]
    },
    {
      "module": "module.tp-devops-test",
      "mode": "data",
      "type": "aws_subnet",
      "name": "subnet-az-c",
      "provider": "module.tp-devops-test.provider.aws",
      "instances": [
        {
          "schema_version": 0,
          "attributes": {
            "arn": "arn:aws:ec2:us-west-2:303981612052:subnet/subnet-fb4cbda6",
            "assign_ipv6_address_on_creation": false,
            "availability_zone": "us-west-2c",
            "availability_zone_id": "usw2-az3",
            "cidr_block": "172.31.0.0/20",
            "default_for_az": true,
            "filter": null,
            "id": "subnet-fb4cbda6",
            "ipv6_cidr_block": null,
            "ipv6_cidr_block_association_id": null,
            "map_public_ip_on_launch": true,
            "owner_id": "303981612052",
            "state": "available",
            "tags": {},
            "vpc_id": "vpc-7932a701"
          }
        }
      ]
    },
    {
      "module": "module.tp-devops-test",
      "mode": "data",
      "type": "aws_vpc",
      "name": "main-vpc",
      "provider": "module.tp-devops-test.provider.aws",
      "instances": [
        {
          "schema_version": 0,
          "attributes": {
            "arn": "arn:aws:ec2:us-west-2:303981612052:vpc/vpc-7932a701",
            "cidr_block": "172.31.0.0/16",
            "cidr_block_associations": [
              {
                "association_id": "vpc-cidr-assoc-394d6e53",
                "cidr_block": "172.31.0.0/16",
                "state": "associated"
              }
            ],
            "default": true,
            "dhcp_options_id": "dopt-6a159712",
            "enable_dns_hostnames": true,
            "enable_dns_support": true,
            "filter": null,
            "id": "vpc-7932a701",
            "instance_tenancy": "default",
            "ipv6_association_id": null,
            "ipv6_cidr_block": null,
            "main_route_table_id": "rtb-f7aadc8c",
            "owner_id": "303981612052",
            "state": "available",
            "tags": {}
          }
        }
      ]
    },
    {
      "module": "module.tp-devops-test",
      "mode": "managed",
      "type": "aws_alb",
      "name": "alb-public",
      "provider": "module.tp-devops-test.provider.aws",
      "instances": [
        {
          "schema_version": 0,
          "attributes": {
            "access_logs": [
              {
                "bucket": "",
                "enabled": false,
                "prefix": ""
              }
            ],
            "arn": "arn:aws:elasticloadbalancing:us-west-2:303981612052:loadbalancer/app/tptest-alb-public/ab746afd28a3bc80",
            "arn_suffix": "app/tptest-alb-public/ab746afd28a3bc80",
            "dns_name": "tptest-alb-public-685175440.us-west-2.elb.amazonaws.com",
            "enable_cross_zone_load_balancing": null,
            "enable_deletion_protection": false,
            "enable_http2": true,
            "id": "arn:aws:elasticloadbalancing:us-west-2:303981612052:loadbalancer/app/tptest-alb-public/ab746afd28a3bc80",
            "idle_timeout": 60,
            "internal": false,
            "ip_address_type": "ipv4",
            "load_balancer_type": "application",
            "name": "tptest-alb-public",
            "name_prefix": null,
            "security_groups": [
              "sg-0f6494141ac7c313b"
            ],
            "subnet_mapping": [
              {
                "allocation_id": "",
                "subnet_id": "subnet-6331d71b"
              },
              {
                "allocation_id": "",
                "subnet_id": "subnet-6e151625"
              },
              {
                "allocation_id": "",
                "subnet_id": "subnet-fb4cbda6"
              }
            ],
            "subnets": [
              "subnet-6331d71b",
              "subnet-6e151625",
              "subnet-fb4cbda6"
            ],
            "tags": {
              "Environment": "test",
              "Name": "tptest-alb-public",
              "Owner": "terraform",
              "Terraform": "true"
            },
            "timeouts": null,
            "vpc_id": "vpc-7932a701",
            "zone_id": "Z1H1FL5HABSF5"
          },
          "private": "eyJlMmJmYjczMC1lY2FhLTExZTYtOGY4OC0zNDM2M2JjN2M0YzAiOnsiY3JlYXRlIjo2MDAwMDAwMDAwMDAsImRlbGV0ZSI6NjAwMDAwMDAwMDAwLCJ1cGRhdGUiOjYwMDAwMDAwMDAwMH19",
          "dependencies": [
            "module.tp-devops-test.aws_security_group.sg-alb-public"
          ]
        }
      ]
    },
    {
      "module": "module.tp-devops-test",
      "mode": "managed",
      "type": "aws_alb_listener",
      "name": "alb-listener-80",
      "provider": "module.tp-devops-test.provider.aws",
      "instances": [
        {
          "schema_version": 0,
          "attributes": {
            "arn": "arn:aws:elasticloadbalancing:us-west-2:303981612052:listener/app/tptest-alb-public/ab746afd28a3bc80/52fb85fd056f4e75",
            "certificate_arn": null,
            "default_action": [
              {
                "authenticate_cognito": [],
                "authenticate_oidc": [],
                "fixed_response": [
                  {
                    "content_type": "text/plain",
                    "message_body": "You've reached something ! ",
                    "status_code": "200"
                  }
                ],
                "order": 1,
                "redirect": [],
                "target_group_arn": "",
                "type": "fixed-response"
              }
            ],
            "id": "arn:aws:elasticloadbalancing:us-west-2:303981612052:listener/app/tptest-alb-public/ab746afd28a3bc80/52fb85fd056f4e75",
            "load_balancer_arn": "arn:aws:elasticloadbalancing:us-west-2:303981612052:loadbalancer/app/tptest-alb-public/ab746afd28a3bc80",
            "port": 80,
            "protocol": "HTTP",
            "ssl_policy": "",
            "timeouts": null
          },
          "private": "eyJlMmJmYjczMC1lY2FhLTExZTYtOGY4OC0zNDM2M2JjN2M0YzAiOnsicmVhZCI6NjAwMDAwMDAwMDAwfX0=",
          "dependencies": [
            "module.tp-devops-test.aws_alb.alb-public",
            "module.tp-devops-test.aws_security_group.sg-alb-public"
          ]
        }
      ]
    },
    {
      "module": "module.tp-devops-test",
      "mode": "managed",
      "type": "aws_alb_target_group",
      "name": "alb-tgrp-testing",
      "provider": "module.tp-devops-test.provider.aws",
      "instances": [
        {
          "schema_version": 0,
          "attributes": {
            "arn": "arn:aws:elasticloadbalancing:us-west-2:303981612052:targetgroup/tptest-tgrp-testing/d1197e78dd6be042",
            "arn_suffix": "targetgroup/tptest-tgrp-testing/d1197e78dd6be042",
            "deregistration_delay": 10,
            "health_check": [
              {
                "enabled": true,
                "healthy_threshold": 3,
                "interval": 15,
                "matcher": "200",
                "path": "/ping",
                "port": "traffic-port",
                "protocol": "HTTP",
                "timeout": 5,
                "unhealthy_threshold": 3
              }
            ],
            "id": "arn:aws:elasticloadbalancing:us-west-2:303981612052:targetgroup/tptest-tgrp-testing/d1197e78dd6be042",
            "lambda_multi_value_headers_enabled": false,
            "name": "tptest-tgrp-testing",
            "name_prefix": null,
            "port": 5000,
            "protocol": "HTTP",
            "proxy_protocol_v2": false,
            "slow_start": 0,
            "stickiness": [
              {
                "cookie_duration": 86400,
                "enabled": false,
                "type": "lb_cookie"
              }
            ],
            "tags": {},
            "target_type": "ip",
            "vpc_id": "vpc-7932a701"
          },
          "private": "bnVsbA=="
        }
      ]
    },
    {
      "module": "module.tp-devops-test",
      "mode": "managed",
      "type": "aws_cloudwatch_log_group",
      "name": "logs-grp-fargate",
      "provider": "module.tp-devops-test.provider.aws",
      "instances": [
        {
          "schema_version": 0,
          "attributes": {
            "arn": "arn:aws:logs:us-west-2:303981612052:log-group:tptest-fargate-containers:*",
            "id": "tptest-fargate-containers",
            "kms_key_id": "",
            "name": "tptest-fargate-containers",
            "name_prefix": null,
            "retention_in_days": 7,
            "tags": {
              "Environment": "test",
              "Owner": "terraform",
              "Terraform": "true"
            }
          },
          "private": "bnVsbA=="
        }
      ]
    },
    {
      "module": "module.tp-devops-test",
      "mode": "managed",
      "type": "aws_cloudwatch_log_stream",
      "name": "logs-stream-testing",
      "provider": "module.tp-devops-test.provider.aws",
      "instances": [
        {
          "schema_version": 0,
          "attributes": {
            "arn": "arn:aws:logs:us-west-2:303981612052:log-group:tptest-fargate-containers:log-stream:task-testing",
            "id": "task-testing",
            "log_group_name": "tptest-fargate-containers",
            "name": "task-testing"
          },
          "private": "bnVsbA==",
          "dependencies": [
            "module.tp-devops-test.aws_cloudwatch_log_group.logs-grp-fargate"
          ]
        }
      ]
    },
    {
      "module": "module.tp-devops-test",
      "mode": "managed",
      "type": "aws_ecs_cluster",
      "name": "ecs-fargate-cluster",
      "provider": "module.tp-devops-test.provider.aws",
      "instances": [
        {
          "schema_version": 0,
          "attributes": {
            "arn": "arn:aws:ecs:us-west-2:303981612052:cluster/tptest-ecs-fargate-cluster",
            "id": "arn:aws:ecs:us-west-2:303981612052:cluster/tptest-ecs-fargate-cluster",
            "name": "tptest-ecs-fargate-cluster",
            "setting": [
              {
                "name": "containerInsights",
                "value": "disabled"
              }
            ],
            "tags": {
              "Environment": "test",
              "Name": "tptest-ecs-fargate-cluster",
              "Owner": "terraform",
              "Terraform": "true"
            }
          },
          "private": "bnVsbA=="
        }
      ]
    },
    {
      "module": "module.tp-devops-test",
      "mode": "managed",
      "type": "aws_ecs_service",
      "name": "ecs-service-testing",
      "provider": "module.tp-devops-test.provider.aws",
      "instances": [
        {
          "schema_version": 0,
          "attributes": {
            "cluster": "arn:aws:ecs:us-west-2:303981612052:cluster/tptest-ecs-fargate-cluster",
            "deployment_controller": [
              {
                "type": "ECS"
              }
            ],
            "deployment_maximum_percent": 400,
            "deployment_minimum_healthy_percent": 100,
            "desired_count": 2,
            "enable_ecs_managed_tags": false,
            "health_check_grace_period_seconds": 45,
            "iam_role": "aws-service-role",
            "id": "arn:aws:ecs:us-west-2:303981612052:service/tptest-ecs-svc-testing",
            "launch_type": "FARGATE",
            "load_balancer": [
              {
                "container_name": "app-testing",
                "container_port": 5000,
                "elb_name": "",
                "target_group_arn": "arn:aws:elasticloadbalancing:us-west-2:303981612052:targetgroup/tptest-tgrp-testing/d1197e78dd6be042"
              }
            ],
            "name": "tptest-ecs-svc-testing",
            "network_configuration": [
              {
                "assign_public_ip": true,
                "security_groups": [
                  "sg-0ad6e8ae8579d4cf7"
                ],
                "subnets": [
                  "subnet-6331d71b",
                  "subnet-6e151625",
                  "subnet-fb4cbda6"
                ]
              }
            ],
            "ordered_placement_strategy": [],
            "placement_constraints": [],
            "placement_strategy": [],
            "platform_version": "LATEST",
            "propagate_tags": "NONE",
            "scheduling_strategy": "REPLICA",
            "service_registries": [],
            "tags": {},
            "task_definition": "arn:aws:ecs:us-west-2:303981612052:task-definition/app-testing:12"
          },
          "private": "bnVsbA==",
          "dependencies": [
            "module.tp-devops-test.aws_alb_target_group.alb-tgrp-testing",
            "module.tp-devops-test.aws_cloudwatch_log_group.logs-grp-fargate",
            "module.tp-devops-test.aws_cloudwatch_log_stream.logs-stream-testing",
            "module.tp-devops-test.aws_ecs_cluster.ecs-fargate-cluster",
            "module.tp-devops-test.aws_ecs_task_definition.ecs-taskdef-testing",
            "module.tp-devops-test.aws_lb_listener_rule.alb-listener-rule-testing",
            "module.tp-devops-test.aws_security_group.sg-ecs-default"
          ]
        }
      ]
    },
    {
      "module": "module.tp-devops-test",
      "mode": "managed",
      "type": "aws_ecs_task_definition",
      "name": "ecs-taskdef-testing",
      "provider": "module.tp-devops-test.provider.aws",
      "instances": [
        {
          "schema_version": 1,
          "attributes": {
            "arn": "arn:aws:ecs:us-west-2:303981612052:task-definition/app-testing:12",
            "container_definitions": "[{\"cpu\":512,\"environment\":[],\"essential\":true,\"healthCheck\":{\"command\":[\"CMD-SHELL\",\"curl -f http://localhost:5000/ || exit 1\"],\"interval\":30,\"retries\":3,\"startPeriod\":10,\"timeout\":5},\"image\":\"303981612052.dkr.ecr.us-west-2.amazonaws.com/tp-devopstest-image:latest\",\"logConfiguration\":{\"logDriver\":\"awslogs\",\"options\":{\"awslogs-group\":\"tptest-fargate-containers\",\"awslogs-region\":\"eu-west-1\",\"awslogs-stream-prefix\":\"task-testing\"}},\"memory\":1024,\"memoryReservation\":128,\"mountPoints\":[],\"name\":\"app-testing\",\"portMappings\":[{\"containerPort\":5000,\"hostPort\":5000,\"protocol\":\"tcp\"}],\"volumesFrom\":[]}]",
            "cpu": "512",
            "execution_role_arn": "arn:aws:iam::303981612052:role/ecsTaskExecutionRole",
            "family": "app-testing",
            "id": "app-testing",
            "ipc_mode": null,
            "memory": "1024",
            "network_mode": "awsvpc",
            "pid_mode": null,
            "placement_constraints": [],
            "proxy_configuration": [],
            "requires_compatibilities": [
              "FARGATE"
            ],
            "revision": 12,
            "tags": {
              "Environment": "test",
              "Name": "tptest-ecs-taskDef",
              "Owner": "terraform",
              "Terraform": "true"
            },
            "task_role_arn": "arn:aws:iam::303981612052:role/ecsTaskExecutionRole",
            "volume": []
          },
          "private": "eyJzY2hlbWFfdmVyc2lvbiI6IjEifQ==",
          "dependencies": [
            "module.tp-devops-test.aws_cloudwatch_log_group.logs-grp-fargate",
            "module.tp-devops-test.aws_cloudwatch_log_stream.logs-stream-testing"
          ]
        }
      ]
    },
    {
      "module": "module.tp-devops-test",
      "mode": "managed",
      "type": "aws_eip",
      "name": "nat-static-ip",
      "each": "list",
      "provider": "module.tp-devops-test.provider.aws",
      "instances": [
        {
          "index_key": 0,
          "schema_version": 0,
          "attributes": {
            "allocation_id": null,
            "associate_with_private_ip": null,
            "association_id": "eipassoc-0576b653284f27bd1",
            "domain": "vpc",
            "id": "eipalloc-07dacb24e3038a7ea",
            "instance": "",
            "network_interface": "eni-0cf1d368f5093c6d4",
            "private_dns": "ip-172-31-58-184.us-west-2.compute.internal",
            "private_ip": "172.31.58.184",
            "public_dns": "ec2-44-226-3-161.us-west-2.compute.amazonaws.com",
            "public_ip": "44.226.3.161",
            "public_ipv4_pool": "amazon",
            "tags": {
              "Environment": "test",
              "Name": "tptest-public-static-ip0",
              "Owner": "terraform",
              "Terraform": "true"
            },
            "timeouts": null,
            "vpc": true
          }
        },
        {
          "index_key": 1,
          "schema_version": 0,
          "attributes": {
            "allocation_id": null,
            "associate_with_private_ip": null,
            "association_id": "eipassoc-08824ffa1b45adaee",
            "domain": "vpc",
            "id": "eipalloc-0efb48f6749603501",
            "instance": "",
            "network_interface": "eni-000c63d9ddd3dba47",
            "private_dns": "ip-172-31-30-111.us-west-2.compute.internal",
            "private_ip": "172.31.30.111",
            "public_dns": "ec2-44-226-144-114.us-west-2.compute.amazonaws.com",
            "public_ip": "44.226.144.114",
            "public_ipv4_pool": "amazon",
            "tags": {
              "Environment": "test",
              "Name": "tptest-public-static-ip1",
              "Owner": "terraform",
              "Terraform": "true"
            },
            "timeouts": null,
            "vpc": true
          }
        },
        {
          "index_key": 2,
          "schema_version": 0,
          "attributes": {
            "allocation_id": null,
            "associate_with_private_ip": null,
            "association_id": "eipassoc-044c6f63c1652f299",
            "domain": "vpc",
            "id": "eipalloc-094aaaa574ac50d72",
            "instance": "",
            "network_interface": "eni-0b2a432f3451abe27",
            "private_dns": "ip-172-31-0-146.us-west-2.compute.internal",
            "private_ip": "172.31.0.146",
            "public_dns": "ec2-44-227-200-190.us-west-2.compute.amazonaws.com",
            "public_ip": "44.227.200.190",
            "public_ipv4_pool": "amazon",
            "tags": {
              "Environment": "test",
              "Name": "tptest-public-static-ip2",
              "Owner": "terraform",
              "Terraform": "true"
            },
            "timeouts": null,
            "vpc": true
          }
        }
      ]
    },
    {
      "module": "module.tp-devops-test",
      "mode": "managed",
      "type": "aws_lb_listener_rule",
      "name": "alb-listener-rule-testing",
      "provider": "module.tp-devops-test.provider.aws",
      "instances": [
        {
          "schema_version": 0,
          "attributes": {
            "action": [
              {
                "authenticate_cognito": [],
                "authenticate_oidc": [],
                "fixed_response": [],
                "order": 1,
                "redirect": [],
                "target_group_arn": "arn:aws:elasticloadbalancing:us-west-2:303981612052:targetgroup/tptest-tgrp-testing/d1197e78dd6be042",
                "type": "forward"
              }
            ],
            "arn": "arn:aws:elasticloadbalancing:us-west-2:303981612052:listener-rule/app/tptest-alb-public/ab746afd28a3bc80/52fb85fd056f4e75/9c0eb82dffdff521",
            "condition": [
              {
                "field": "host-header",
                "values": [
                  "tptest-alb-public-685175440.us-west-2.elb.amazonaws.com"
                ]
              }
            ],
            "id": "arn:aws:elasticloadbalancing:us-west-2:303981612052:listener-rule/app/tptest-alb-public/ab746afd28a3bc80/52fb85fd056f4e75/9c0eb82dffdff521",
            "listener_arn": "arn:aws:elasticloadbalancing:us-west-2:303981612052:listener/app/tptest-alb-public/ab746afd28a3bc80/52fb85fd056f4e75",
            "priority": 1
          },
          "private": "bnVsbA==",
          "dependencies": [
            "module.tp-devops-test.aws_alb.alb-public",
            "module.tp-devops-test.aws_alb_listener.alb-listener-80",
            "module.tp-devops-test.aws_alb_target_group.alb-tgrp-testing",
            "module.tp-devops-test.aws_security_group.sg-alb-public"
          ]
        }
      ]
    },
    {
      "module": "module.tp-devops-test",
      "mode": "managed",
      "type": "aws_security_group",
      "name": "sg-alb-public",
      "provider": "module.tp-devops-test.provider.aws",
      "instances": [
        {
          "schema_version": 1,
          "attributes": {
            "arn": "arn:aws:ec2:us-west-2:303981612052:security-group/sg-0f6494141ac7c313b",
            "description": "Allow traffic in the public loadbalancer",
            "egress": [
              {
                "cidr_blocks": [
                  "172.31.0.0/16"
                ],
                "description": "",
                "from_port": 0,
                "ipv6_cidr_blocks": [],
                "prefix_list_ids": [],
                "protocol": "-1",
                "security_groups": [],
                "self": false,
                "to_port": 0
              }
            ],
            "id": "sg-0f6494141ac7c313b",
            "ingress": [
              {
                "cidr_blocks": [
                  "0.0.0.0/0"
                ],
                "description": "",
                "from_port": 80,
                "ipv6_cidr_blocks": [],
                "prefix_list_ids": [],
                "protocol": "tcp",
                "security_groups": [],
                "self": false,
                "to_port": 80
              }
            ],
            "name": "tptest-sg-alb-public",
            "name_prefix": null,
            "owner_id": "303981612052",
            "revoke_rules_on_delete": false,
            "tags": {
              "Environment": "test",
              "Name": "tptest-sg-alb-public",
              "Owner": "terraform",
              "Terraform": "true"
            },
            "timeouts": null,
            "vpc_id": "vpc-7932a701"
          },
          "private": "eyJlMmJmYjczMC1lY2FhLTExZTYtOGY4OC0zNDM2M2JjN2M0YzAiOnsiY3JlYXRlIjo2MDAwMDAwMDAwMDAsImRlbGV0ZSI6NjAwMDAwMDAwMDAwfSwic2NoZW1hX3ZlcnNpb24iOiIxIn0="
        }
      ]
    },
    {
      "module": "module.tp-devops-test",
      "mode": "managed",
      "type": "aws_security_group",
      "name": "sg-ecs-default",
      "provider": "module.tp-devops-test.provider.aws",
      "instances": [
        {
          "schema_version": 1,
          "attributes": {
            "arn": "arn:aws:ec2:us-west-2:303981612052:security-group/sg-0ad6e8ae8579d4cf7",
            "description": "Allow all traffic inside the Fargate cluster",
            "egress": [
              {
                "cidr_blocks": [
                  "0.0.0.0/0"
                ],
                "description": "",
                "from_port": 0,
                "ipv6_cidr_blocks": [],
                "prefix_list_ids": [],
                "protocol": "-1",
                "security_groups": [],
                "self": false,
                "to_port": 0
              },
              {
                "cidr_blocks": [
                  "172.31.48.0/20",
                  "172.31.16.0/20",
                  "172.31.0.0/20"
                ],
                "description": "",
                "from_port": 0,
                "ipv6_cidr_blocks": [],
                "prefix_list_ids": [],
                "protocol": "-1",
                "security_groups": [],
                "self": false,
                "to_port": 0
              }
            ],
            "id": "sg-0ad6e8ae8579d4cf7",
            "ingress": [
              {
                "cidr_blocks": [
                  "172.31.48.0/20",
                  "172.31.16.0/20",
                  "172.31.0.0/20"
                ],
                "description": "",
                "from_port": 0,
                "ipv6_cidr_blocks": [],
                "prefix_list_ids": [],
                "protocol": "-1",
                "security_groups": [],
                "self": false,
                "to_port": 0
              }
            ],
            "name": "tptest-sg-ecs-default",
            "name_prefix": null,
            "owner_id": "303981612052",
            "revoke_rules_on_delete": false,
            "tags": {
              "Environment": "test",
              "Name": "tptest-sg-ecs-default",
              "Owner": "terraform",
              "Terraform": "true"
            },
            "timeouts": null,
            "vpc_id": "vpc-7932a701"
          },
          "private": "eyJlMmJmYjczMC1lY2FhLTExZTYtOGY4OC0zNDM2M2JjN2M0YzAiOnsiY3JlYXRlIjo2MDAwMDAwMDAwMDAsImRlbGV0ZSI6NjAwMDAwMDAwMDAwfSwic2NoZW1hX3ZlcnNpb24iOiIxIn0="
        }
      ]
    }
  ]
}
