{
  "version": 4,
  "terraform_version": "0.12.16",
  "serial": 9,
  "lineage": "6012fe50-2845-96b0-b0b2-e98428378250",
  "outputs": {},
  "resources": [
    {
      "module": "module.tp-devops-test",
      "mode": "data",
      "type": "aws_iam_role",
      "name": "ecstaskExecRole",
      "provider": "module.tp-devops-test.provider.aws",
      "instances": [
        {
          "schema_version": 0,
          "attributes": {
            "arn": "arn:aws:iam::303981612052:role/ecsTaskExecutionRole",
            "assume_role_policy": "{\"Version\":\"2012-10-17\",\"Statement\":[{\"Sid\":\"\",\"Effect\":\"Allow\",\"Principal\":{\"Service\":\"ecs-tasks.amazonaws.com\"},\"Action\":\"sts:AssumeRole\"}]}",
            "assume_role_policy_document": null,
            "create_date": "2019-11-20T08:56:22Z",
            "description": "Allows ECS tasks to call AWS services on your behalf.",
            "id": "ecsTaskExecutionRole",
            "max_session_duration": 3600,
            "name": "ecsTaskExecutionRole",
            "path": "/",
            "permissions_boundary": "",
            "role_id": null,
            "role_name": null,
            "unique_id": "AROAUNRVXJQKH66JV6V4F"
          }
        }
      ]
    },
    {
      "module": "module.tp-devops-test",
      "mode": "data",
      "type": "aws_subnet",
      "name": "subnet-az-a",
      "provider": "module.tp-devops-test.provider.aws",
      "instances": [
        {
          "schema_version": 0,
          "attributes": {
            "arn": "arn:aws:ec2:us-west-2:303981612052:subnet/subnet-6e151625",
            "assign_ipv6_address_on_creation": false,
            "availability_zone": "us-west-2a",
            "availability_zone_id": "usw2-az2",
            "cidr_block": "172.31.48.0/20",
            "default_for_az": true,
            "filter": null,
            "id": "subnet-6e151625",
            "ipv6_cidr_block": null,
            "ipv6_cidr_block_association_id": null,
            "map_public_ip_on_launch": true,
            "owner_id": "303981612052",
            "state": "available",
            "tags": {},
            "vpc_id": "vpc-7932a701"
          }
        }
      ]
    },
    {
      "module": "module.tp-devops-test",
      "mode": "data",
      "type": "aws_subnet",
      "name": "subnet-az-b",
      "provider": "module.tp-devops-test.provider.aws",
      "instances": [
        {
          "schema_version": 0,
          "attributes": {
            "arn": "arn:aws:ec2:us-west-2:303981612052:subnet/subnet-6331d71b",
            "assign_ipv6_address_on_creation": false,
            "availability_zone": "us-west-2b",
            "availability_zone_id": "usw2-az1",
            "cidr_block": "172.31.16.0/20",
            "default_for_az": true,
            "filter": null,
            "id": "subnet-6331d71b",
            "ipv6_cidr_block": null,
            "ipv6_cidr_block_association_id": null,
            "map_public_ip_on_launch": true,
            "owner_id": "303981612052",
            "state": "available",
            "tags": {},
            "vpc_id": "vpc-7932a701"
          }
        }
      ]
    },
    {
      "module": "module.tp-devops-test",
      "mode": "data",
      "type": "aws_subnet",
      "name": "subnet-az-c",
      "provider": "module.tp-devops-test.provider.aws",
      "instances": [
        {
          "schema_version": 0,
          "attributes": {
            "arn": "arn:aws:ec2:us-west-2:303981612052:subnet/subnet-fb4cbda6",
            "assign_ipv6_address_on_creation": false,
            "availability_zone": "us-west-2c",
            "availability_zone_id": "usw2-az3",
            "cidr_block": "172.31.0.0/20",
            "default_for_az": true,
            "filter": null,
            "id": "subnet-fb4cbda6",
            "ipv6_cidr_block": null,
            "ipv6_cidr_block_association_id": null,
            "map_public_ip_on_launch": true,
            "owner_id": "303981612052",
            "state": "available",
            "tags": {},
            "vpc_id": "vpc-7932a701"
          }
        }
      ]
    },
    {
      "module": "module.tp-devops-test",
      "mode": "data",
      "type": "aws_vpc",
      "name": "main-vpc",
      "provider": "module.tp-devops-test.provider.aws",
      "instances": [
        {
          "schema_version": 0,
          "attributes": {
            "arn": "arn:aws:ec2:us-west-2:303981612052:vpc/vpc-7932a701",
            "cidr_block": "172.31.0.0/16",
            "cidr_block_associations": [
              {
                "association_id": "vpc-cidr-assoc-394d6e53",
                "cidr_block": "172.31.0.0/16",
                "state": "associated"
              }
            ],
            "default": true,
            "dhcp_options_id": "dopt-6a159712",
            "enable_dns_hostnames": true,
            "enable_dns_support": true,
            "filter": null,
            "id": "vpc-7932a701",
            "instance_tenancy": "default",
            "ipv6_association_id": null,
            "ipv6_cidr_block": null,
            "main_route_table_id": "rtb-f7aadc8c",
            "owner_id": "303981612052",
            "state": "available",
            "tags": {}
          }
        }
      ]
    },
    {
      "module": "module.tp-devops-test",
      "mode": "managed",
      "type": "aws_alb",
      "name": "alb-public",
      "provider": "module.tp-devops-test.provider.aws",
      "instances": [
        {
          "schema_version": 0,
          "attributes": {
            "access_logs": [
              {
                "bucket": "",
                "enabled": false,
                "prefix": ""
              }
            ],
            "arn": "arn:aws:elasticloadbalancing:us-west-2:303981612052:loadbalancer/app/tptest-alb-public/e916cbdb457fb380",
            "arn_suffix": "app/tptest-alb-public/e916cbdb457fb380",
            "dns_name": "tptest-alb-public-1460347040.us-west-2.elb.amazonaws.com",
            "enable_cross_zone_load_balancing": null,
            "enable_deletion_protection": false,
            "enable_http2": true,
            "id": "arn:aws:elasticloadbalancing:us-west-2:303981612052:loadbalancer/app/tptest-alb-public/e916cbdb457fb380",
            "idle_timeout": 60,
            "internal": false,
            "ip_address_type": "ipv4",
            "load_balancer_type": "application",
            "name": "tptest-alb-public",
            "name_prefix": null,
            "security_groups": [
              "sg-0878e41ca201165c2"
            ],
            "subnet_mapping": [
              {
                "allocation_id": "",
                "subnet_id": "subnet-6331d71b"
              },
              {
                "allocation_id": "",
                "subnet_id": "subnet-6e151625"
              },
              {
                "allocation_id": "",
                "subnet_id": "subnet-fb4cbda6"
              }
            ],
            "subnets": [
              "subnet-6331d71b",
              "subnet-6e151625",
              "subnet-fb4cbda6"
            ],
            "tags": {
              "Environment": "test",
              "Name": "tptest-alb-public",
              "Owner": "terraform",
              "Terraform": "true"
            },
            "timeouts": null,
            "vpc_id": "vpc-7932a701",
            "zone_id": "Z1H1FL5HABSF5"
          },
          "private": "eyJlMmJmYjczMC1lY2FhLTExZTYtOGY4OC0zNDM2M2JjN2M0YzAiOnsiY3JlYXRlIjo2MDAwMDAwMDAwMDAsImRlbGV0ZSI6NjAwMDAwMDAwMDAwLCJ1cGRhdGUiOjYwMDAwMDAwMDAwMH19",
          "dependencies": [
            "module.tp-devops-test.aws_security_group.sg-alb-public"
          ]
        }
      ]
    },
    {
      "module": "module.tp-devops-test",
      "mode": "managed",
      "type": "aws_alb_listener",
      "name": "alb-listener-80",
      "provider": "module.tp-devops-test.provider.aws",
      "instances": [
        {
          "schema_version": 0,
          "attributes": {
            "arn": "arn:aws:elasticloadbalancing:us-west-2:303981612052:listener/app/tptest-alb-public/e916cbdb457fb380/4ae34fd9424b2d54",
            "certificate_arn": null,
            "default_action": [
              {
                "authenticate_cognito": [],
                "authenticate_oidc": [],
                "fixed_response": [
                  {
                    "content_type": "text/plain",
                    "message_body": "You've reached something ! ",
                    "status_code": "200"
                  }
                ],
                "order": 1,
                "redirect": [],
                "target_group_arn": "",
                "type": "fixed-response"
              }
            ],
            "id": "arn:aws:elasticloadbalancing:us-west-2:303981612052:listener/app/tptest-alb-public/e916cbdb457fb380/4ae34fd9424b2d54",
            "load_balancer_arn": "arn:aws:elasticloadbalancing:us-west-2:303981612052:loadbalancer/app/tptest-alb-public/e916cbdb457fb380",
            "port": 80,
            "protocol": "HTTP",
            "ssl_policy": "",
            "timeouts": null
          },
          "private": "eyJlMmJmYjczMC1lY2FhLTExZTYtOGY4OC0zNDM2M2JjN2M0YzAiOnsicmVhZCI6NjAwMDAwMDAwMDAwfX0=",
          "dependencies": [
            "module.tp-devops-test.aws_alb.alb-public",
            "module.tp-devops-test.aws_security_group.sg-alb-public"
          ]
        }
      ]
    },
    {
      "module": "module.tp-devops-test",
      "mode": "managed",
      "type": "aws_alb_target_group",
      "name": "alb-tgrp-testing",
      "provider": "module.tp-devops-test.provider.aws",
      "instances": [
        {
          "schema_version": 0,
          "attributes": {
            "arn": "arn:aws:elasticloadbalancing:us-west-2:303981612052:targetgroup/tptest-tgrp-testing/c8ab9d4ad38b08aa",
            "arn_suffix": "targetgroup/tptest-tgrp-testing/c8ab9d4ad38b08aa",
            "deregistration_delay": 10,
            "health_check": [
              {
                "enabled": true,
                "healthy_threshold": 3,
                "interval": 15,
                "matcher": "200",
                "path": "/ping",
                "port": "traffic-port",
                "protocol": "HTTP",
                "timeout": 5,
                "unhealthy_threshold": 3
              }
            ],
            "id": "arn:aws:elasticloadbalancing:us-west-2:303981612052:targetgroup/tptest-tgrp-testing/c8ab9d4ad38b08aa",
            "lambda_multi_value_headers_enabled": false,
            "name": "tptest-tgrp-testing",
            "name_prefix": null,
            "port": 5000,
            "protocol": "HTTP",
            "proxy_protocol_v2": false,
            "slow_start": 0,
            "stickiness": [
              {
                "cookie_duration": 86400,
                "enabled": false,
                "type": "lb_cookie"
              }
            ],
            "tags": null,
            "target_type": "ip",
            "vpc_id": "vpc-7932a701"
          },
          "private": "bnVsbA=="
        }
      ]
    },
    {
      "module": "module.tp-devops-test",
      "mode": "managed",
      "type": "aws_cloudwatch_log_group",
      "name": "logs-grp-fargate",
      "provider": "module.tp-devops-test.provider.aws",
      "instances": [
        {
          "schema_version": 0,
          "attributes": {
            "arn": "arn:aws:logs:us-west-2:303981612052:log-group:tptest-fargate-containers:*",
            "id": "tptest-fargate-containers",
            "kms_key_id": "",
            "name": "tptest-fargate-containers",
            "name_prefix": null,
            "retention_in_days": 7,
            "tags": {
              "Environment": "test",
              "Owner": "terraform",
              "Terraform": "true"
            }
          },
          "private": "bnVsbA=="
        }
      ]
    },
    {
      "module": "module.tp-devops-test",
      "mode": "managed",
      "type": "aws_cloudwatch_log_stream",
      "name": "logs-stream-testing",
      "provider": "module.tp-devops-test.provider.aws",
      "instances": [
        {
          "schema_version": 0,
          "attributes": {
            "arn": "arn:aws:logs:us-west-2:303981612052:log-group:tptest-fargate-containers:log-stream:task-testing",
            "id": "task-testing",
            "log_group_name": "tptest-fargate-containers",
            "name": "task-testing"
          },
          "private": "bnVsbA==",
          "dependencies": [
            "module.tp-devops-test.aws_cloudwatch_log_group.logs-grp-fargate"
          ]
        }
      ]
    },
    {
      "module": "module.tp-devops-test",
      "mode": "managed",
      "type": "aws_ecs_cluster",
      "name": "ecs-fargate-cluster",
      "provider": "module.tp-devops-test.provider.aws",
      "instances": [
        {
          "schema_version": 0,
          "attributes": {
            "arn": "arn:aws:ecs:us-west-2:303981612052:cluster/tptest-ecs-fargate-cluster",
            "id": "arn:aws:ecs:us-west-2:303981612052:cluster/tptest-ecs-fargate-cluster",
            "name": "tptest-ecs-fargate-cluster",
            "setting": [
              {
                "name": "containerInsights",
                "value": "disabled"
              }
            ],
            "tags": {
              "Environment": "test",
              "Name": "tptest-ecs-fargate-cluster",
              "Owner": "terraform",
              "Terraform": "true"
            }
          },
          "private": "bnVsbA=="
        }
      ]
    },
    {
      "module": "module.tp-devops-test",
      "mode": "managed",
      "type": "aws_ecs_service",
      "name": "ecs-service-testing",
      "provider": "module.tp-devops-test.provider.aws",
      "instances": []
    },
    {
      "module": "module.tp-devops-test",
      "mode": "managed",
      "type": "aws_ecs_task_definition",
      "name": "ecs-taskdef-testing",
      "provider": "module.tp-devops-test.provider.aws",
      "instances": []
    },
    {
      "module": "module.tp-devops-test",
      "mode": "managed",
      "type": "aws_iam_role_policy",
      "name": "iam-policy-ecsTaskExecution",
      "provider": "module.tp-devops-test.provider.aws",
      "instances": []
    },
    {
      "module": "module.tp-devops-test",
      "mode": "managed",
      "type": "aws_lb_listener_rule",
      "name": "alb-listener-rule-testing",
      "provider": "module.tp-devops-test.provider.aws",
      "instances": []
    },
    {
      "module": "module.tp-devops-test",
      "mode": "managed",
      "type": "aws_route53_record",
      "name": "r53-record-alb-public-fargate",
      "provider": "module.tp-devops-test.provider.aws",
      "instances": []
    },
    {
      "module": "module.tp-devops-test",
      "mode": "managed",
      "type": "aws_route53_record",
      "name": "r53-record-alb-public-hello",
      "provider": "module.tp-devops-test.provider.aws",
      "instances": []
    },
    {
      "module": "module.tp-devops-test",
      "mode": "managed",
      "type": "aws_route53_zone",
      "name": "r53-zone-public",
      "provider": "module.tp-devops-test.provider.aws",
      "instances": [
        {
          "status": "tainted",
          "schema_version": 0,
          "attributes": {
            "comment": "New zone and domain for teh devops test ",
            "delegation_set_id": null,
            "force_destroy": false,
            "id": "Z6089SVAV8FXH",
            "name": "tp-test.com",
            "name_servers": null,
            "tags": {
              "Environment": "test",
              "Name": "tptest-r53-zone-public",
              "Owner": "terraform",
              "Terraform": "true"
            },
            "vpc": [],
            "vpc_id": null,
            "vpc_region": null,
            "zone_id": null
          },
          "private": "bnVsbA=="
        }
      ]
    },
    {
      "module": "module.tp-devops-test",
      "mode": "managed",
      "type": "aws_s3_bucket_policy",
      "name": "s3-fargate-logs-policy",
      "provider": "module.tp-devops-test.provider.aws",
      "instances": []
    },
    {
      "module": "module.tp-devops-test",
      "mode": "managed",
      "type": "aws_security_group",
      "name": "sg-alb-public",
      "provider": "module.tp-devops-test.provider.aws",
      "instances": [
        {
          "schema_version": 1,
          "attributes": {
            "arn": "arn:aws:ec2:us-west-2:303981612052:security-group/sg-0878e41ca201165c2",
            "description": "Allow traffic in the public loadbalancer",
            "egress": [
              {
                "cidr_blocks": [
                  "172.31.0.0/16"
                ],
                "description": "",
                "from_port": 0,
                "ipv6_cidr_blocks": [],
                "prefix_list_ids": [],
                "protocol": "-1",
                "security_groups": [],
                "self": false,
                "to_port": 0
              }
            ],
            "id": "sg-0878e41ca201165c2",
            "ingress": [
              {
                "cidr_blocks": [
                  "0.0.0.0/0"
                ],
                "description": "",
                "from_port": 80,
                "ipv6_cidr_blocks": [],
                "prefix_list_ids": [],
                "protocol": "tcp",
                "security_groups": [],
                "self": false,
                "to_port": 80
              }
            ],
            "name": "tptest-sg-alb-public",
            "name_prefix": null,
            "owner_id": "303981612052",
            "revoke_rules_on_delete": false,
            "tags": {
              "Environment": "test",
              "Name": "tptest-sg-alb-public",
              "Owner": "terraform",
              "Terraform": "true"
            },
            "timeouts": null,
            "vpc_id": "vpc-7932a701"
          },
          "private": "eyJlMmJmYjczMC1lY2FhLTExZTYtOGY4OC0zNDM2M2JjN2M0YzAiOnsiY3JlYXRlIjo2MDAwMDAwMDAwMDAsImRlbGV0ZSI6NjAwMDAwMDAwMDAwfSwic2NoZW1hX3ZlcnNpb24iOiIxIn0="
        }
      ]
    },
    {
      "module": "module.tp-devops-test",
      "mode": "managed",
      "type": "aws_security_group",
      "name": "sg-ecs-default",
      "provider": "module.tp-devops-test.provider.aws",
      "instances": [
        {
          "schema_version": 1,
          "attributes": {
            "arn": "arn:aws:ec2:us-west-2:303981612052:security-group/sg-015ff3ab77fee8de9",
            "description": "Allow all traffic inside the Fargate cluster",
            "egress": [
              {
                "cidr_blocks": [
                  "172.31.48.0/20",
                  "172.31.16.0/20",
                  "172.31.0.0/20"
                ],
                "description": "",
                "from_port": 0,
                "ipv6_cidr_blocks": [],
                "prefix_list_ids": [],
                "protocol": "-1",
                "security_groups": [],
                "self": false,
                "to_port": 0
              }
            ],
            "id": "sg-015ff3ab77fee8de9",
            "ingress": [
              {
                "cidr_blocks": [
                  "172.31.48.0/20",
                  "172.31.16.0/20",
                  "172.31.0.0/20"
                ],
                "description": "",
                "from_port": 0,
                "ipv6_cidr_blocks": [],
                "prefix_list_ids": [],
                "protocol": "-1",
                "security_groups": [],
                "self": false,
                "to_port": 0
              }
            ],
            "name": "tptest-sg-ecs-default",
            "name_prefix": null,
            "owner_id": "303981612052",
            "revoke_rules_on_delete": false,
            "tags": {
              "Environment": "test",
              "Name": "tptest-sg-ecs-default",
              "Owner": "terraform",
              "Terraform": "true"
            },
            "timeouts": null,
            "vpc_id": "vpc-7932a701"
          },
          "private": "eyJlMmJmYjczMC1lY2FhLTExZTYtOGY4OC0zNDM2M2JjN2M0YzAiOnsiY3JlYXRlIjo2MDAwMDAwMDAwMDAsImRlbGV0ZSI6NjAwMDAwMDAwMDAwfSwic2NoZW1hX3ZlcnNpb24iOiIxIn0="
        }
      ]
    }
  ]
}
